// !$*UTF8*$!
{
	archiveVersion = 1;
	classes = {
	};
	objectVersion = 46;
	objects = {

/* Begin PBXBuildFile section */
		4F0C0D771DCDDC2000E6C3BA /* sp_sounds in Resources */ = {isa = PBXBuildFile; fileRef = 4F0C0D761DCDDC2000E6C3BA /* sp_sounds */; };
		4F2B93501DC5CCD100E28389 /* AppDelegate.swift in Sources */ = {isa = PBXBuildFile; fileRef = 4F2B934F1DC5CCD100E28389 /* AppDelegate.swift */; };
		4F2B93521DC5CCD100E28389 /* ViewController.swift in Sources */ = {isa = PBXBuildFile; fileRef = 4F2B93511DC5CCD100E28389 /* ViewController.swift */; };
		4F2B93551DC5CCD100E28389 /* Main.storyboard in Resources */ = {isa = PBXBuildFile; fileRef = 4F2B93531DC5CCD100E28389 /* Main.storyboard */; };
		4F2B935A1DC5CCD100E28389 /* LaunchScreen.storyboard in Resources */ = {isa = PBXBuildFile; fileRef = 4F2B93581DC5CCD100E28389 /* LaunchScreen.storyboard */; };
		4F422D6F1DCD668900E9D853 /* C3.aif in Resources */ = {isa = PBXBuildFile; fileRef = 4F422D6D1DCD668900E9D853 /* C3.aif */; };
		4F422D701DCD668900E9D853 /* D.mp3 in Resources */ = {isa = PBXBuildFile; fileRef = 4F422D6E1DCD668900E9D853 /* D.mp3 */; };
		4FC7C2B31DC5EA0900002247 /* Assets.xcassets in Resources */ = {isa = PBXBuildFile; fileRef = 4FC7C2B21DC5EA0900002247 /* Assets.xcassets */; };
		4FCB9F241DCC538500DB3B3B /* sound in Resources */ = {isa = PBXBuildFile; fileRef = 4FCB9F231DCC538500DB3B3B /* sound */; };
/* End PBXBuildFile section */

/* Begin PBXFileReference section */
		4F0C0D761DCDDC2000E6C3BA /* sp_sounds */ = {isa = PBXFileReference; lastKnownFileType = folder; path = sp_sounds; sourceTree = "<group>"; };
		4F2B934C1DC5CCD100E28389 /* SwiftPiano.app */ = {isa = PBXFileReference; explicitFileType = wrapper.application; includeInIndex = 0; path = SwiftPiano.app; sourceTree = BUILT_PRODUCTS_DIR; };
		4F2B934F1DC5CCD100E28389 /* AppDelegate.swift */ = {isa = PBXFileReference; lastKnownFileType = sourcecode.swift; name = AppDelegate.swift; path = SwiftPiano/AppDelegate.swift; sourceTree = "<group>"; };
		4F2B93511DC5CCD100E28389 /* ViewController.swift */ = {isa = PBXFileReference; lastKnownFileType = sourcecode.swift; name = ViewController.swift; path = SwiftPiano/ViewController.swift; sourceTree = "<group>"; };
		4F2B93541DC5CCD100E28389 /* Base */ = {isa = PBXFileReference; lastKnownFileType = file.storyboard; name = Base; path = Base.lproj/Main.storyboard; sourceTree = "<group>"; };
		4F2B93591DC5CCD100E28389 /* Base */ = {isa = PBXFileReference; lastKnownFileType = file.storyboard; name = Base; path = Base.lproj/LaunchScreen.storyboard; sourceTree = "<group>"; };
		4F2B935B1DC5CCD100E28389 /* Info.plist */ = {isa = PBXFileReference; lastKnownFileType = text.plist.xml; name = Info.plist; path = SwiftPiano/Info.plist; sourceTree = "<group>"; };
		4F422D6D1DCD668900E9D853 /* C3.aif */ = {isa = PBXFileReference; lastKnownFileType = file; name = C3.aif; path = SwiftPiano/C3.aif; sourceTree = "<group>"; };
		4F422D6E1DCD668900E9D853 /* D.mp3 */ = {isa = PBXFileReference; lastKnownFileType = audio.mp3; name = D.mp3; path = SwiftPiano/D.mp3; sourceTree = "<group>"; };
		4FC7C2B21DC5EA0900002247 /* Assets.xcassets */ = {isa = PBXFileReference; lastKnownFileType = folder.assetcatalog; name = Assets.xcassets; path = SwiftPiano/Assets.xcassets; sourceTree = "<group>"; };
		4FCB9F231DCC538500DB3B3B /* sound */ = {isa = PBXFileReference; lastKnownFileType = folder; name = sound; path = SwiftPiano/sound; sourceTree = "<group>"; };
/* End PBXFileReference section */

/* Begin PBXFrameworksBuildPhase section */
		4F2B93491DC5CCD100E28389 /* Frameworks */ = {
			isa = PBXFrameworksBuildPhase;
			buildActionMask = 2147483647;
			files = (
			);
			runOnlyForDeploymentPostprocessing = 0;
		};
/* End PBXFrameworksBuildPhase section */

/* Begin PBXGroup section */
		4F2B93431DC5CCD100E28389 = {
			isa = PBXGroup;
			children = (
				4F0C0D761DCDDC2000E6C3BA /* sp_sounds */,
				4F422D6D1DCD668900E9D853 /* C3.aif */,
				4F422D6E1DCD668900E9D853 /* D.mp3 */,
				4FCB9F231DCC538500DB3B3B /* sound */,
				4FC7C2B21DC5EA0900002247 /* Assets.xcassets */,
				4F2B934F1DC5CCD100E28389 /* AppDelegate.swift */,
				4F2B93511DC5CCD100E28389 /* ViewController.swift */,
				4F2B93531DC5CCD100E28389 /* Main.storyboard */,
				4F2B93581DC5CCD100E28389 /* LaunchScreen.storyboard */,
				4F2B935B1DC5CCD100E28389 /* Info.plist */,
				4F2B934E1DC5CCD100E28389 /* SwiftPiano */,
				4F2B934D1DC5CCD100E28389 /* Products */,
			);
			sourceTree = "<group>";
		};
		4F2B934D1DC5CCD100E28389 /* Products */ = {
			isa = PBXGroup;
			children = (
				4F2B934C1DC5CCD100E28389 /* SwiftPiano.app */,
			);
			name = Products;
			sourceTree = "<group>";
		};
		4F2B934E1DC5CCD100E28389 /* SwiftPiano */ = {
			isa = PBXGroup;
			children = (
			);
			path = SwiftPiano;
			sourceTree = "<group>";
		};
/* End PBXGroup section */

/* Begin PBXNativeTarget section */
		4F2B934B1DC5CCD100E28389 /* SwiftPiano */ = {
			isa = PBXNativeTarget;
			buildConfigurationList = 4F2B935E1DC5CCD100E28389 /* Build configuration list for PBXNativeTarget "SwiftPiano" */;
			buildPhases = (
				4F2B93481DC5CCD100E28389 /* Sources */,
				4F2B93491DC5CCD100E28389 /* Frameworks */,
				4F2B934A1DC5CCD100E28389 /* Resources */,
			);
			buildRules = (
			);
			dependencies = (
			);
			name = SwiftPiano;
			productName = SwiftPiano;
			productReference = 4F2B934C1DC5CCD100E28389 /* SwiftPiano.app */;
			productType = "com.apple.product-type.application";
		};
/* End PBXNativeTarget section */

/* Begin PBXProject section */
		4F2B93441DC5CCD100E28389 /* Project object */ = {
			isa = PBXProject;
			attributes = {
				LastSwiftUpdateCheck = 0810;
				LastUpgradeCheck = 0810;
				ORGANIZATIONNAME = "Wataru Nishie";
				TargetAttributes = {
					4F2B934B1DC5CCD100E28389 = {
						CreatedOnToolsVersion = 8.1;
						DevelopmentTeam = A94ENXA53A;
						ProvisioningStyle = Automatic;
					};
				};
			};
			buildConfigurationList = 4F2B93471DC5CCD100E28389 /* Build configuration list for PBXProject "SwiftPiano" */;
			compatibilityVersion = "Xcode 3.2";
			developmentRegion = English;
			hasScannedForEncodings = 0;
			knownRegions = (
				en,
				Base,
			);
			mainGroup = 4F2B93431DC5CCD100E28389;
			productRefGroup = 4F2B934D1DC5CCD100E28389 /* Products */;
			projectDirPath = "";
			projectRoot = "";
			targets = (
				4F2B934B1DC5CCD100E28389 /* SwiftPiano */,
			);
		};
/* End PBXProject section */

/* Begin PBXResourcesBuildPhase section */
		4F2B934A1DC5CCD100E28389 /* Resources */ = {
			isa = PBXResourcesBuildPhase;
			buildActionMask = 2147483647;
			files = (
				4F0C0D771DCDDC2000E6C3BA /* sp_sounds in Resources */,
				4F422D6F1DCD668900E9D853 /* C3.aif in Resources */,
				4F2B935A1DC5CCD100E28389 /* LaunchScreen.storyboard in Resources */,
				4F2B93551DC5CCD100E28389 /* Main.storyboard in Resources */,
				4F422D701DCD668900E9D853 /* D.mp3 in Resources */,
				4FCB9F241DCC538500DB3B3B /* sound in Resources */,
				4FC7C2B31DC5EA0900002247 /* Assets.xcassets in Resources */,
			);
			runOnlyForDeploymentPostprocessing = 0;
		};
/* End PBXResourcesBuildPhase section */

/* Begin PBXSourcesBuildPhase section */
		4F2B93481DC5CCD100E28389 /* Sources */ = {
			isa = PBXSourcesBuildPhase;
			buildActionMask = 2147483647;
			files = (
				4F2B93521DC5CCD100E28389 /* ViewController.swift in Sources */,
				4F2B93501DC5CCD100E28389 /* AppDelegate.swift in Sources */,
			);
			runOnlyForDeploymentPostprocessing = 0;
		};
/* End PBXSourcesBuildPhase section */

/* Begin PBXVariantGroup section */
		4F2B93531DC5CCD100E28389 /* Main.storyboard */ = {
			isa = PBXVariantGroup;
			children = (
				4F2B93541DC5CCD100E28389 /* Base */,
			);
			name = Main.storyboard;
			path = SwiftPiano;
			sourceTree = "<group>";
		};
		4F2B93581DC5CCD100E28389 /* LaunchScreen.storyboard */ = {
			isa = PBXVariantGroup;
			children = (
				4F2B93591DC5CCD100E28389 /* Base */,
			);
			name = LaunchScreen.storyboard;
			path = SwiftPiano;
			sourceTree = "<group>";
		};
/* End PBXVariantGroup section */

/* Begin XCBuildConfiguration section */
		4F2B935C1DC5CCD100E28389 /* Debug */ = {
			isa = XCBuildConfiguration;
			buildSettings = {
				ALWAYS_SEARCH_USER_PATHS = NO;
				CLANG_ANALYZER_NONNULL = YES;
				CLANG_CXX_LANGUAGE_STANDARD = "gnu++0x";
				CLANG_CXX_LIBRARY = "libc++";
				CLANG_ENABLE_MODULES = YES;
				CLANG_ENABLE_OBJC_ARC = YES;
				CLANG_WARN_BOOL_CONVERSION = YES;
				CLANG_WARN_CONSTANT_CONVERSION = YES;
				CLANG_WARN_DIRECT_OBJC_ISA_USAGE = YES_ERROR;
				CLANG_WARN_DOCUMENTATION_COMMENTS = YES;
				CLANG_WARN_EMPTY_BODY = YES;
				CLANG_WARN_ENUM_CONVERSION = YES;
				CLANG_WARN_INFINITE_RECURSION = YES;
				CLANG_WARN_INT_CONVERSION = YES;
				CLANG_WARN_OBJC_ROOT_CLASS = YES_ERROR;
				CLANG_WARN_SUSPICIOUS_MOVES = YES;
				CLANG_WARN_UNREACHABLE_CODE = YES;
				CLANG_WARN__DUPLICATE_METHOD_MATCH = YES;
				"CODE_SIGN_IDENTITY[sdk=iphoneos*]" = "iPhone Developer";
				COPY_PHASE_STRIP = NO;
				DEBUG_INFORMATION_FORMAT = dwarf;
				ENABLE_STRICT_OBJC_MSGSEND = YES;
				ENABLE_TESTABILITY = YES;
				GCC_C_LANGUAGE_STANDARD = gnu99;
				GCC_DYNAMIC_NO_PIC = NO;
				GCC_NO_COMMON_BLOCKS = YES;
				GCC_OPTIMIZATION_LEVEL = 0;
				GCC_PREPROCESSOR_DEFINITIONS = (
					"DEBUG=1",
					"$(inherited)",
				);
				GCC_WARN_64_TO_32_BIT_CONVERSION = YES;
				GCC_WARN_ABOUT_RETURN_TYPE = YES_ERROR;
				GCC_WARN_UNDECLARED_SELECTOR = YES;
				GCC_WARN_UNINITIALIZED_AUTOS = YES_AGGRESSIVE;
				GCC_WARN_UNUSED_FUNCTION = YES;
				GCC_WARN_UNUSED_VARIABLE = YES;
				IPHONEOS_DEPLOYMENT_TARGET = 10.1;
				MTL_ENABLE_DEBUG_INFO = YES;
				ONLY_ACTIVE_ARCH = YES;
				SDKROOT = iphoneos;
				SWIFT_ACTIVE_COMPILATION_CONDITIONS = DEBUG;
				SWIFT_OPTIMIZATION_LEVEL = "-Onone";
			};
			name = Debug;
		};
		4F2B935D1DC5CCD100E28389 /* Release */ = {
			isa = XCBuildConfiguration;
			buildSettings = {
				ALWAYS_SEARCH_USER_PATHS = NO;
				CLANG_ANALYZER_NONNULL = YES;
				CLANG_CXX_LANGUAGE_STANDARD = "gnu++0x";
				CLANG_CXX_LIBRARY = "libc++";
				CLANG_ENABLE_MODULES = YES;
				CLANG_ENABLE_OBJC_ARC = YES;
				CLANG_WARN_BOOL_CONVERSION = YES;
				CLANG_WARN_CONSTANT_CONVERSION = YES;
				CLANG_WARN_DIRECT_OBJC_ISA_USAGE = YES_ERROR;
				CLANG_WARN_DOCUMENTATION_COMMENTS = YES;
				CLANG_WARN_EMPTY_BODY = YES;
				CLANG_WARN_ENUM_CONVERSION = YES;
				CLANG_WARN_INFINITE_RECURSION = YES;
				CLANG_WARN_INT_CONVERSION = YES;
				CLANG_WARN_OBJC_ROOT_CLASS = YES_ERROR;
				CLANG_WARN_SUSPICIOUS_MOVES = YES;
				CLANG_WARN_UNREACHABLE_CODE = YES;
				CLANG_WARN__DUPLICATE_METHOD_MATCH = YES;
				"CODE_SIGN_IDENTITY[sdk=iphoneos*]" = "iPhone Developer";
				COPY_PHASE_STRIP = NO;
				DEBUG_INFORMATION_FORMAT = "dwarf-with-dsym";
				ENABLE_NS_ASSERTIONS = NO;
				ENABLE_STRICT_OBJC_MSGSEND = YES;
				GCC_C_LANGUAGE_STANDARD = gnu99;
				GCC_NO_COMMON_BLOCKS = YES;
				GCC_WARN_64_TO_32_BIT_CONVERSION = YES;
				GCC_WARN_ABOUT_RETURN_TYPE = YES_ERROR;
				GCC_WARN_UNDECLARED_SELECTOR = YES;
				GCC_WARN_UNINITIALIZED_AUTOS = YES_AGGRESSIVE;
				GCC_WARN_UNUSED_FUNCTION = YES;
				GCC_WARN_UNUSED_VARIABLE = YES;
				IPHONEOS_DEPLOYMENT_TARGET = 10.1;
				MTL_ENABLE_DEBUG_INFO = NO;
				SDKROOT = iphoneos;
				SWIFT_OPTIMIZATION_LEVEL = "-Owholemodule";
				VALIDATE_PRODUCT = YES;
			};
			name = Release;
		};
		4F2B935F1DC5CCD100E28389 /* Debug */ = {
			isa = XCBuildConfiguration;
			buildSettings = {
				ASSETCATALOG_COMPILER_APPICON_NAME = AppIcon;
				DEVELOPMENT_TEAM = A94ENXA53A;
				INFOPLIST_FILE = SwiftPiano/Info.plist;
				LD_RUNPATH_SEARCH_PATHS = "$(inherited) @executable_path/Frameworks";
				PRODUCT_BUNDLE_IDENTIFIER = "com.nw-exam.SwiftPiano";
				PRODUCT_NAME = "$(TARGET_NAME)";
				SWIFT_VERSION = 3.0;
			};
			name = Debug;
		};
		4F2B93601DC5CCD100E28389 /* Release */ = {
			isa = XCBuildConfiguration;
			buildSettings = {
				ASSETCATALOG_COMPILER_APPICON_NAME = AppIcon;
				DEVELOPMENT_TEAM = A94ENXA53A;
				INFOPLIST_FILE = SwiftPiano/Info.plist;
				LD_RUNPATH_SEARCH_PATHS = "$(inherited) @executable_path/Frameworks";
				PRODUCT_BUNDLE_IDENTIFIER = "com.nw-exam.SwiftPiano";
				PRODUCT_NAME = "$(TARGET_NAME)";
				SWIFT_VERSION = 3.0;
			};
			name = Release;
		};
/* End XCBuildConfiguration section */

/* Begin XCConfigurationList section */
		4F2B93471DC5CCD100E28389 /* Build configuration list for PBXProject "SwiftPiano" */ = {
			isa = XCConfigurationList;
			buildConfigurations = (
				4F2B935C1DC5CCD100E28389 /* Debug */,
				4F2B935D1DC5CCD100E28389 /* Release */,
			);
			defaultConfigurationIsVisible = 0;
			defaultConfigurationName = Release;
		};
		4F2B935E1DC5CCD100E28389 /* Build configuration list for PBXNativeTarget "SwiftPiano" */ = {
			isa = XCConfigurationList;
			buildConfigurations = (
				4F2B935F1DC5CCD100E28389 /* Debug */,
				4F2B93601DC5CCD100E28389 /* Release */,
			);
			defaultConfigurationIsVisible = 0;
			defaultConfigurationName = Release;
		};
/* End XCConfigurationList section */
	};
	rootObject = 4F2B93441DC5CCD100E28389 /* Project object */;
}
